
Microsoft Visual Studio Solution File, Format Version 12.00
# Visual Studio Version 16
VisualStudioVersion = 16.0.34301.259
MinimumVisualStudioVersion = 10.0.40219.1
Project("{9A19103F-16F7-4668-BE54-9A1E7A4F7556}") = "Demo", "Demo\Demo.csproj", "{7A81C981-FDD5-4CDC-8228-19F7C81345D6}"
EndProject
Project("{9A19103F-16F7-4668-BE54-9A1E7A4F7556}") = "Domain", "Domain\Domain.csproj", "{882EA483-806F-4DAB-9F4A-12DF949920C3}"
EndProject
Project("{FAE04EC0-301F-11D3-BF4B-00C04F79EFBC}") = "Application", "Application\Application.csproj", "{21A20ECF-E4F3-4B38-A72E-C4729A0CAAD2}"
EndProject
Project("{FAE04EC0-301F-11D3-BF4B-00C04F79EFBC}") = "Persistence", "Persistence\Persistence.csproj", "{D6E0F69C-23A3-43D3-9BAD-E469DB0A97E2}"
EndProject
Global
	GlobalSection(SolutionConfigurationPlatforms) = preSolution
		Debug|Any CPU = Debug|Any CPU
		Release|Any CPU = Release|Any CPU
	EndGlobalSection
	GlobalSection(ProjectConfigurationPlatforms) = postSolution
		{7A81C981-FDD5-4CDC-8228-19F7C81345D6}.Debug|Any CPU.ActiveCfg = Debug|Any CPU
		{7A81C981-FDD5-4CDC-8228-19F7C81345D6}.Debug|Any CPU.Build.0 = Debug|Any CPU
		{7A81C981-FDD5-4CDC-8228-19F7C81345D6}.Release|Any CPU.ActiveCfg = Release|Any CPU
		{7A81C981-FDD5-4CDC-8228-19F7C81345D6}.Release|Any CPU.Build.0 = Release|Any CPU
		{882EA483-806F-4DAB-9F4A-12DF949920C3}.Debug|Any CPU.ActiveCfg = Debug|Any CPU
		{882EA483-806F-4DAB-9F4A-12DF949920C3}.Debug|Any CPU.Build.0 = Debug|Any CPU
		{882EA483-806F-4DAB-9F4A-12DF949920C3}.Release|Any CPU.ActiveCfg = Release|Any CPU
		{882EA483-806F-4DAB-9F4A-12DF949920C3}.Release|Any CPU.Build.0 = Release|Any CPU
		{21A20ECF-E4F3-4B38-A72E-C4729A0CAAD2}.Debug|Any CPU.ActiveCfg = Debug|Any CPU
		{21A20ECF-E4F3-4B38-A72E-C4729A0CAAD2}.Debug|Any CPU.Build.0 = Debug|Any CPU
		{21A20ECF-E4F3-4B38-A72E-C4729A0CAAD2}.Release|Any CPU.ActiveCfg = Release|Any CPU
		{21A20ECF-E4F3-4B38-A72E-C4729A0CAAD2}.Release|Any CPU.Build.0 = Release|Any CPU
		{D6E0F69C-23A3-43D3-9BAD-E469DB0A97E2}.Debug|Any CPU.ActiveCfg = Debug|Any CPU
		{D6E0F69C-23A3-43D3-9BAD-E469DB0A97E2}.Debug|Any CPU.Build.0 = Debug|Any CPU
		{D6E0F69C-23A3-43D3-9BAD-E469DB0A97E2}.Release|Any CPU.ActiveCfg = Release|Any CPU
		{D6E0F69C-23A3-43D3-9BAD-E469DB0A97E2}.Release|Any CPU.Build.0 = Release|Any CPU
	EndGlobalSection
	GlobalSection(SolutionProperties) = preSolution
		HideSolutionNode = FALSE
	EndGlobalSection
	GlobalSection(ExtensibilityGlobals) = postSolution
		SolutionGuid = {8A3EB92C-C1EA-42B2-A766-ED0BCB139D9C}
	EndGlobalSection
EndGlobal
